
Microsoft Visual Studio Solution File, Format Version 12.00
# Visual Studio Version 16
VisualStudioVersion = 16.0.32630.194
MinimumVisualStudioVersion = 10.0.40219.1
Project("{FAE04EC0-301F-11D3-BF4B-00C04F79EFBC}") = "Weather Conditions - Globaldev", "Weather Conditions - Globaldev\Weather Conditions - Globaldev.csproj", "{148421D7-844A-4B0C-863C-F9F90FE6ED6C}"
EndProject
Global
	GlobalSection(SolutionConfigurationPlatforms) = preSolution
		Debug|Any CPU = Debug|Any CPU
		Release|Any CPU = Release|Any CPU
	EndGlobalSection
	GlobalSection(ProjectConfigurationPlatforms) = postSolution
		{148421D7-844A-4B0C-863C-F9F90FE6ED6C}.Debug|Any CPU.ActiveCfg = Debug|Any CPU
		{148421D7-844A-4B0C-863C-F9F90FE6ED6C}.Debug|Any CPU.Build.0 = Debug|Any CPU
		{148421D7-844A-4B0C-863C-F9F90FE6ED6C}.Release|Any CPU.ActiveCfg = Release|Any CPU
		{148421D7-844A-4B0C-863C-F9F90FE6ED6C}.Release|Any CPU.Build.0 = Release|Any CPU
	EndGlobalSection
	GlobalSection(SolutionProperties) = preSolution
		HideSolutionNode = FALSE
	EndGlobalSection
	GlobalSection(ExtensibilityGlobals) = postSolution
		SolutionGuid = {2A5A5EF9-1249-4E1B-A621-B3551E598CAC}
	EndGlobalSection
EndGlobal
